# This file is automatically @generated by Cargo.
# It is not intended for manual editing.
version = 3

[[package]]
name = "autocfg"
version = "1.0.1"
source = "registry+https://github.com/rust-lang/crates.io-index"
checksum = "cdb031dd78e28731d87d56cc8ffef4a8f36ca26c38fe2de700543e627f8a464a"

[[package]]
name = "bytes"
version = "1.1.0"
source = "registry+https://github.com/rust-lang/crates.io-index"
checksum = "c4872d67bab6358e59559027aa3b9157c53d9358c51423c17554809a8858e0f8"

[[package]]
name = "combine"
version = "4.6.2"
source = "registry+https://github.com/rust-lang/crates.io-index"
checksum = "b2b2f5d0ee456f3928812dfc8c6d9a1d592b98678f6d56db9b0cd2b7bc6c8db5"
dependencies = [
 "bytes",
 "memchr",
]

[[package]]
name = "either"
version = "1.6.1"
source = "registry+https://github.com/rust-lang/crates.io-index"
checksum = "e78d4f1cc4ae33bbfc157ed5d5a5ef3bc29227303d595861deb238fcec4e9457"

[[package]]
name = "hashbrown"
version = "0.11.2"
source = "registry+https://github.com/rust-lang/crates.io-index"
checksum = "ab5ef0d4909ef3724cc8cce6ccc8572c5c817592e9285f5464f8e86f8bd3726e"

[[package]]
name = "indexmap"
version = "1.7.0"
source = "registry+https://github.com/rust-lang/crates.io-index"
checksum = "bc633605454125dec4b66843673f01c7df2b89479b32e0ed634e43a91cff62a5"
dependencies = [
 "autocfg",
 "hashbrown",
]

[[package]]
name = "itertools"
version = "0.10.3"
source = "registry+https://github.com/rust-lang/crates.io-index"
checksum = "a9a9d19fa1e79b6215ff29b9d6880b706147f16e9b1dbb1e4e5947b5b02bc5e3"
dependencies = [
 "either",
]

[[package]]
name = "kstring"
version = "1.0.6"
source = "registry+https://github.com/rust-lang/crates.io-index"
checksum = "8b310ccceade8121d7d77fee406160e457c2f4e7c7982d589da3499bc7ea4526"
dependencies = [
 "serde",
]

[[package]]
name = "memchr"
version = "2.4.1"
source = "registry+https://github.com/rust-lang/crates.io-index"
checksum = "308cc39be01b73d0d18f82a0e7b2a3df85245f84af96fdddc5d202d27e47b86a"

[[package]]
name = "serde"
version = "1.0.132"
source = "registry+https://github.com/rust-lang/crates.io-index"
checksum = "8b9875c23cf305cd1fd7eb77234cbb705f21ea6a72c637a5c6db5fe4b8e7f008"

[[package]]
name = "toml_edit"
version = "0.12.0"
source = "registry+https://github.com/rust-lang/crates.io-index"
checksum = "c14e16aafed5fb7a1bdc293270ca28f17d0a09b4f528f8de34521f2a32d99198"
dependencies = [
 "combine",
 "indexmap",
 "itertools",
 "kstring",
]

[[package]]
name = "toml_fmt"
version = "0.1.0"
dependencies = [
 "toml_edit",
]
